
Microsoft Visual Studio Solution File, Format Version 12.00
# Visual Studio Version 17
VisualStudioVersion = 17.9.34902.65
MinimumVisualStudioVersion = 10.0.40219.1
Project("{FAE04EC0-301F-11D3-BF4B-00C04F79EFBC}") = "VNETPeerSyncPoc", "VNETPeerSyncPoc.csproj", "{93338A2B-68FE-44AA-BE66-9CC40A073230}"
EndProject
Global
	GlobalSection(SolutionConfigurationPlatforms) = preSolution
		Debug|Any CPU = Debug|Any CPU
		Release|Any CPU = Release|Any CPU
	EndGlobalSection
	GlobalSection(ProjectConfigurationPlatforms) = postSolution
		{93338A2B-68FE-44AA-BE66-9CC40A073230}.Debug|Any CPU.ActiveCfg = Debug|Any CPU
		{93338A2B-68FE-44AA-BE66-9CC40A073230}.Debug|Any CPU.Build.0 = Debug|Any CPU
		{93338A2B-68FE-44AA-BE66-9CC40A073230}.Release|Any CPU.ActiveCfg = Release|Any CPU
		{93338A2B-68FE-44AA-BE66-9CC40A073230}.Release|Any CPU.Build.0 = Release|Any CPU
	EndGlobalSection
	GlobalSection(SolutionProperties) = preSolution
		HideSolutionNode = FALSE
	EndGlobalSection
	GlobalSection(ExtensibilityGlobals) = postSolution
		SolutionGuid = {672BD6D0-6E26-4D38-AA41-2CDE81DA1EF0}
	EndGlobalSection
EndGlobal
