
Microsoft Visual Studio Solution File, Format Version 12.00
# Visual Studio Version 17
VisualStudioVersion = 17.9.34902.65
MinimumVisualStudioVersion = 10.0.40219.1
Project("{9A19103F-16F7-4668-BE54-9A1E7A4F7556}") = "VNetPeerSyncPoc", "src\VNetPeerSyncPoc.csproj", "{34F31DEB-C114-439D-9E7D-7FECD7F94496}"
EndProject
Project("{FAE04EC0-301F-11D3-BF4B-00C04F79EFBC}") = "SyncPeeringFunction", "SyncPeeringFunction\SyncPeeringFunction.csproj", "{9029852C-7364-409D-8E9F-12DD04BAE14D}"
EndProject
Project("{FAE04EC0-301F-11D3-BF4B-00C04F79EFBC}") = "VNetSyncPeer", "VNetSyncPeer\VNetSyncPeer.csproj", "{80480161-5196-44AF-BC44-8D565F35E0AB}"
EndProject
Global
	GlobalSection(SolutionConfigurationPlatforms) = preSolution
		Debug|Any CPU = Debug|Any CPU
		Release|Any CPU = Release|Any CPU
	EndGlobalSection
	GlobalSection(ProjectConfigurationPlatforms) = postSolution
		{34F31DEB-C114-439D-9E7D-7FECD7F94496}.Debug|Any CPU.ActiveCfg = Debug|Any CPU
		{34F31DEB-C114-439D-9E7D-7FECD7F94496}.Debug|Any CPU.Build.0 = Debug|Any CPU
		{34F31DEB-C114-439D-9E7D-7FECD7F94496}.Release|Any CPU.ActiveCfg = Release|Any CPU
		{34F31DEB-C114-439D-9E7D-7FECD7F94496}.Release|Any CPU.Build.0 = Release|Any CPU
		{9029852C-7364-409D-8E9F-12DD04BAE14D}.Debug|Any CPU.ActiveCfg = Debug|Any CPU
		{9029852C-7364-409D-8E9F-12DD04BAE14D}.Debug|Any CPU.Build.0 = Debug|Any CPU
		{9029852C-7364-409D-8E9F-12DD04BAE14D}.Release|Any CPU.ActiveCfg = Release|Any CPU
		{9029852C-7364-409D-8E9F-12DD04BAE14D}.Release|Any CPU.Build.0 = Release|Any CPU
		{80480161-5196-44AF-BC44-8D565F35E0AB}.Debug|Any CPU.ActiveCfg = Debug|Any CPU
		{80480161-5196-44AF-BC44-8D565F35E0AB}.Debug|Any CPU.Build.0 = Debug|Any CPU
		{80480161-5196-44AF-BC44-8D565F35E0AB}.Release|Any CPU.ActiveCfg = Release|Any CPU
		{80480161-5196-44AF-BC44-8D565F35E0AB}.Release|Any CPU.Build.0 = Release|Any CPU
	EndGlobalSection
	GlobalSection(SolutionProperties) = preSolution
		HideSolutionNode = FALSE
	EndGlobalSection
	GlobalSection(ExtensibilityGlobals) = postSolution
		SolutionGuid = {672BD6D0-6E26-4D38-AA41-2CDE81DA1EF0}
	EndGlobalSection
EndGlobal
